// !$*UTF8*$!
{
	archiveVersion = 1;
	classes = {
	};
	objectVersion = 56;
	objects = {

/* Begin PBXBuildFile section */
		CC617BD02BE761DA0079F4BB /* Lottie in Frameworks */ = {isa = PBXBuildFile; productRef = CC617BCF2BE761DA0079F4BB /* Lottie */; };
		CCFCC65C2BE61B6A0079E08B /* AppDelegate.swift in Sources */ = {isa = PBXBuildFile; fileRef = CCFCC65B2BE61B6A0079E08B /* AppDelegate.swift */; };
		CCFCC65E2BE61B6A0079E08B /* SceneDelegate.swift in Sources */ = {isa = PBXBuildFile; fileRef = CCFCC65D2BE61B6A0079E08B /* SceneDelegate.swift */; };
		CCFCC6602BE61B6A0079E08B /* ViewController.swift in Sources */ = {isa = PBXBuildFile; fileRef = CCFCC65F2BE61B6A0079E08B /* ViewController.swift */; };
		CCFCC6632BE61B6A0079E08B /* Base in Resources */ = {isa = PBXBuildFile; fileRef = CCFCC6622BE61B6A0079E08B /* Base */; };
		CCFCC6652BE61B6B0079E08B /* Assets.xcassets in Resources */ = {isa = PBXBuildFile; fileRef = CCFCC6642BE61B6B0079E08B /* Assets.xcassets */; };
		CCFCC6682BE61B6B0079E08B /* Base in Resources */ = {isa = PBXBuildFile; fileRef = CCFCC6672BE61B6B0079E08B /* Base */; };
/* End PBXBuildFile section */

/* Begin PBXFileReference section */
		CCFCC6582BE61B6A0079E08B /* ProtectedGallery.app */ = {isa = PBXFileReference; explicitFileType = wrapper.application; includeInIndex = 0; path = ProtectedGallery.app; sourceTree = BUILT_PRODUCTS_DIR; };
		CCFCC65B2BE61B6A0079E08B /* AppDelegate.swift */ = {isa = PBXFileReference; lastKnownFileType = sourcecode.swift; path = AppDelegate.swift; sourceTree = "<group>"; };
		CCFCC65D2BE61B6A0079E08B /* SceneDelegate.swift */ = {isa = PBXFileReference; lastKnownFileType = sourcecode.swift; path = SceneDelegate.swift; sourceTree = "<group>"; };
		CCFCC65F2BE61B6A0079E08B /* ViewController.swift */ = {isa = PBXFileReference; lastKnownFileType = sourcecode.swift; path = ViewController.swift; sourceTree = "<group>"; };
		CCFCC6622BE61B6A0079E08B /* Base */ = {isa = PBXFileReference; lastKnownFileType = file.storyboard; name = Base; path = Base.lproj/Main.storyboard; sourceTree = "<group>"; };
		CCFCC6642BE61B6B0079E08B /* Assets.xcassets */ = {isa = PBXFileReference; lastKnownFileType = folder.assetcatalog; path = Assets.xcassets; sourceTree = "<group>"; };
		CCFCC6672BE61B6B0079E08B /* Base */ = {isa = PBXFileReference; lastKnownFileType = file.storyboard; name = Base; path = Base.lproj/LaunchScreen.storyboard; sourceTree = "<group>"; };
		CCFCC6692BE61B6B0079E08B /* Info.plist */ = {isa = PBXFileReference; lastKnownFileType = text.plist.xml; path = Info.plist; sourceTree = "<group>"; };
/* End PBXFileReference section */

/* Begin PBXFrameworksBuildPhase section */
		CCFCC6552BE61B6A0079E08B /* Frameworks */ = {
			isa = PBXFrameworksBuildPhase;
			buildActionMask = 2147483647;
			files = (
				CC617BD02BE761DA0079F4BB /* Lottie in Frameworks */,
			);
			runOnlyForDeploymentPostprocessing = 0;
		};
/* End PBXFrameworksBuildPhase section */

/* Begin PBXGroup section */
		CC4603292BE6375300A81A0F /* Views */ = {
			isa = PBXGroup;
			children = (
				CCFCC6612BE61B6A0079E08B /* Main.storyboard */,
				CCFCC6662BE61B6B0079E08B /* LaunchScreen.storyboard */,
			);
			path = Views;
			sourceTree = "<group>";
		};
		CC46032A2BE6377100A81A0F /* Controllers */ = {
			isa = PBXGroup;
			children = (
				CCFCC65F2BE61B6A0079E08B /* ViewController.swift */,
			);
			path = Controllers;
			sourceTree = "<group>";
		};
		CC46032B2BE6378400A81A0F /* Resources */ = {
			isa = PBXGroup;
			children = (
				CCFCC6642BE61B6B0079E08B /* Assets.xcassets */,
			);
			path = Resources;
			sourceTree = "<group>";
		};
		CC46032C2BE637AC00A81A0F /* App */ = {
			isa = PBXGroup;
			children = (
				CCFCC65B2BE61B6A0079E08B /* AppDelegate.swift */,
				CCFCC65D2BE61B6A0079E08B /* SceneDelegate.swift */,
			);
			path = App;
			sourceTree = "<group>";
		};
		CCFCC64F2BE61B6A0079E08B = {
			isa = PBXGroup;
			children = (
				CCFCC65A2BE61B6A0079E08B /* ProtectedGallery */,
				CCFCC6592BE61B6A0079E08B /* Products */,
			);
			sourceTree = "<group>";
		};
		CCFCC6592BE61B6A0079E08B /* Products */ = {
			isa = PBXGroup;
			children = (
				CCFCC6582BE61B6A0079E08B /* ProtectedGallery.app */,
			);
			name = Products;
			sourceTree = "<group>";
		};
		CCFCC65A2BE61B6A0079E08B /* ProtectedGallery */ = {
			isa = PBXGroup;
			children = (
				CC46032C2BE637AC00A81A0F /* App */,
				CC46032A2BE6377100A81A0F /* Controllers */,
				CC4603292BE6375300A81A0F /* Views */,
				CC46032B2BE6378400A81A0F /* Resources */,
				CCFCC6692BE61B6B0079E08B /* Info.plist */,
			);
			path = ProtectedGallery;
			sourceTree = "<group>";
		};
/* End PBXGroup section */

/* Begin PBXNativeTarget section */
		CCFCC6572BE61B6A0079E08B /* ProtectedGallery */ = {
			isa = PBXNativeTarget;
			buildConfigurationList = CCFCC66C2BE61B6B0079E08B /* Build configuration list for PBXNativeTarget "ProtectedGallery" */;
			buildPhases = (
				CCFCC6542BE61B6A0079E08B /* Sources */,
				CCFCC6552BE61B6A0079E08B /* Frameworks */,
				CCFCC6562BE61B6A0079E08B /* Resources */,
			);
			buildRules = (
			);
			dependencies = (
			);
			name = ProtectedGallery;
			packageProductDependencies = (
				CC617BCF2BE761DA0079F4BB /* Lottie */,
			);
			productName = ProtectedGallery;
			productReference = CCFCC6582BE61B6A0079E08B /* ProtectedGallery.app */;
			productType = "com.apple.product-type.application";
		};
/* End PBXNativeTarget section */

/* Begin PBXProject section */
		CCFCC6502BE61B6A0079E08B /* Project object */ = {
			isa = PBXProject;
			attributes = {
				BuildIndependentTargetsInParallel = 1;
				LastSwiftUpdateCheck = 1530;
				LastUpgradeCheck = 1530;
				TargetAttributes = {
					CCFCC6572BE61B6A0079E08B = {
						CreatedOnToolsVersion = 15.3;
					};
				};
			};
			buildConfigurationList = CCFCC6532BE61B6A0079E08B /* Build configuration list for PBXProject "ProtectedGallery" */;
			compatibilityVersion = "Xcode 14.0";
			developmentRegion = en;
			hasScannedForEncodings = 0;
			knownRegions = (
				en,
				Base,
			);
			mainGroup = CCFCC64F2BE61B6A0079E08B;
			packageReferences = (
				CC617BCE2BE761DA0079F4BB /* XCRemoteSwiftPackageReference "lottie-ios" */,
			);
			productRefGroup = CCFCC6592BE61B6A0079E08B /* Products */;
			projectDirPath = "";
			projectRoot = "";
			targets = (
				CCFCC6572BE61B6A0079E08B /* ProtectedGallery */,
			);
		};
/* End PBXProject section */

/* Begin PBXResourcesBuildPhase section */
		CCFCC6562BE61B6A0079E08B /* Resources */ = {
			isa = PBXResourcesBuildPhase;
			buildActionMask = 2147483647;
			files = (
				CCFCC6652BE61B6B0079E08B /* Assets.xcassets in Resources */,
				CCFCC6682BE61B6B0079E08B /* Base in Resources */,
				CCFCC6632BE61B6A0079E08B /* Base in Resources */,
			);
			runOnlyForDeploymentPostprocessing = 0;
		};
/* End PBXResourcesBuildPhase section */

/* Begin PBXSourcesBuildPhase section */
		CCFCC6542BE61B6A0079E08B /* Sources */ = {
			isa = PBXSourcesBuildPhase;
			buildActionMask = 2147483647;
			files = (
				CCFCC6602BE61B6A0079E08B /* ViewController.swift in Sources */,
				CCFCC65C2BE61B6A0079E08B /* AppDelegate.swift in Sources */,
				CCFCC65E2BE61B6A0079E08B /* SceneDelegate.swift in Sources */,
			);
			runOnlyForDeploymentPostprocessing = 0;
		};
/* End PBXSourcesBuildPhase section */

/* Begin PBXVariantGroup section */
		CCFCC6612BE61B6A0079E08B /* Main.storyboard */ = {
			isa = PBXVariantGroup;
			children = (
				CCFCC6622BE61B6A0079E08B /* Base */,
			);
			name = Main.storyboard;
			sourceTree = "<group>";
		};
		CCFCC6662BE61B6B0079E08B /* LaunchScreen.storyboard */ = {
			isa = PBXVariantGroup;
			children = (
				CCFCC6672BE61B6B0079E08B /* Base */,
			);
			name = LaunchScreen.storyboard;
			sourceTree = "<group>";
		};
/* End PBXVariantGroup section */

/* Begin XCBuildConfiguration section */
		CCFCC66A2BE61B6B0079E08B /* Debug */ = {
			isa = XCBuildConfiguration;
			buildSettings = {
				ALWAYS_SEARCH_USER_PATHS = NO;
				ASSETCATALOG_COMPILER_GENERATE_SWIFT_ASSET_SYMBOL_EXTENSIONS = YES;
				CLANG_ANALYZER_NONNULL = YES;
				CLANG_ANALYZER_NUMBER_OBJECT_CONVERSION = YES_AGGRESSIVE;
				CLANG_CXX_LANGUAGE_STANDARD = "gnu++20";
				CLANG_ENABLE_MODULES = YES;
				CLANG_ENABLE_OBJC_ARC = YES;
				CLANG_ENABLE_OBJC_WEAK = YES;
				CLANG_WARN_BLOCK_CAPTURE_AUTORELEASING = YES;
				CLANG_WARN_BOOL_CONVERSION = YES;
				CLANG_WARN_COMMA = YES;
				CLANG_WARN_CONSTANT_CONVERSION = YES;
				CLANG_WARN_DEPRECATED_OBJC_IMPLEMENTATIONS = YES;
				CLANG_WARN_DIRECT_OBJC_ISA_USAGE = YES_ERROR;
				CLANG_WARN_DOCUMENTATION_COMMENTS = YES;
				CLANG_WARN_EMPTY_BODY = YES;
				CLANG_WARN_ENUM_CONVERSION = YES;
				CLANG_WARN_INFINITE_RECURSION = YES;
				CLANG_WARN_INT_CONVERSION = YES;
				CLANG_WARN_NON_LITERAL_NULL_CONVERSION = YES;
				CLANG_WARN_OBJC_IMPLICIT_RETAIN_SELF = YES;
				CLANG_WARN_OBJC_LITERAL_CONVERSION = YES;
				CLANG_WARN_OBJC_ROOT_CLASS = YES_ERROR;
				CLANG_WARN_QUOTED_INCLUDE_IN_FRAMEWORK_HEADER = YES;
				CLANG_WARN_RANGE_LOOP_ANALYSIS = YES;
				CLANG_WARN_STRICT_PROTOTYPES = YES;
				CLANG_WARN_SUSPICIOUS_MOVE = YES;
				CLANG_WARN_UNGUARDED_AVAILABILITY = YES_AGGRESSIVE;
				CLANG_WARN_UNREACHABLE_CODE = YES;
				CLANG_WARN__DUPLICATE_METHOD_MATCH = YES;
				COPY_PHASE_STRIP = NO;
				DEBUG_INFORMATION_FORMAT = dwarf;
				ENABLE_STRICT_OBJC_MSGSEND = YES;
				ENABLE_TESTABILITY = YES;
				ENABLE_USER_SCRIPT_SANDBOXING = YES;
				GCC_C_LANGUAGE_STANDARD = gnu17;
				GCC_DYNAMIC_NO_PIC = NO;
				GCC_NO_COMMON_BLOCKS = YES;
				GCC_OPTIMIZATION_LEVEL = 0;
				GCC_PREPROCESSOR_DEFINITIONS = (
					"DEBUG=1",
					"$(inherited)",
				);
				GCC_WARN_64_TO_32_BIT_CONVERSION = YES;
				GCC_WARN_ABOUT_RETURN_TYPE = YES_ERROR;
				GCC_WARN_UNDECLARED_SELECTOR = YES;
				GCC_WARN_UNINITIALIZED_AUTOS = YES_AGGRESSIVE;
				GCC_WARN_UNUSED_FUNCTION = YES;
				GCC_WARN_UNUSED_VARIABLE = YES;
				IPHONEOS_DEPLOYMENT_TARGET = 17.4;
				LOCALIZATION_PREFERS_STRING_CATALOGS = YES;
				MTL_ENABLE_DEBUG_INFO = INCLUDE_SOURCE;
				MTL_FAST_MATH = YES;
				ONLY_ACTIVE_ARCH = YES;
				SDKROOT = iphoneos;
				SWIFT_ACTIVE_COMPILATION_CONDITIONS = "DEBUG $(inherited)";
				SWIFT_OPTIMIZATION_LEVEL = "-Onone";
			};
			name = Debug;
		};
		CCFCC66B2BE61B6B0079E08B /* Release */ = {
			isa = XCBuildConfiguration;
			buildSettings = {
				ALWAYS_SEARCH_USER_PATHS = NO;
				ASSETCATALOG_COMPILER_GENERATE_SWIFT_ASSET_SYMBOL_EXTENSIONS = YES;
				CLANG_ANALYZER_NONNULL = YES;
				CLANG_ANALYZER_NUMBER_OBJECT_CONVERSION = YES_AGGRESSIVE;
				CLANG_CXX_LANGUAGE_STANDARD = "gnu++20";
				CLANG_ENABLE_MODULES = YES;
				CLANG_ENABLE_OBJC_ARC = YES;
				CLANG_ENABLE_OBJC_WEAK = YES;
				CLANG_WARN_BLOCK_CAPTURE_AUTORELEASING = YES;
				CLANG_WARN_BOOL_CONVERSION = YES;
				CLANG_WARN_COMMA = YES;
				CLANG_WARN_CONSTANT_CONVERSION = YES;
				CLANG_WARN_DEPRECATED_OBJC_IMPLEMENTATIONS = YES;
				CLANG_WARN_DIRECT_OBJC_ISA_USAGE = YES_ERROR;
				CLANG_WARN_DOCUMENTATION_COMMENTS = YES;
				CLANG_WARN_EMPTY_BODY = YES;
				CLANG_WARN_ENUM_CONVERSION = YES;
				CLANG_WARN_INFINITE_RECURSION = YES;
				CLANG_WARN_INT_CONVERSION = YES;
				CLANG_WARN_NON_LITERAL_NULL_CONVERSION = YES;
				CLANG_WARN_OBJC_IMPLICIT_RETAIN_SELF = YES;
				CLANG_WARN_OBJC_LITERAL_CONVERSION = YES;
				CLANG_WARN_OBJC_ROOT_CLASS = YES_ERROR;
				CLANG_WARN_QUOTED_INCLUDE_IN_FRAMEWORK_HEADER = YES;
				CLANG_WARN_RANGE_LOOP_ANALYSIS = YES;
				CLANG_WARN_STRICT_PROTOTYPES = YES;
				CLANG_WARN_SUSPICIOUS_MOVE = YES;
				CLANG_WARN_UNGUARDED_AVAILABILITY = YES_AGGRESSIVE;
				CLANG_WARN_UNREACHABLE_CODE = YES;
				CLANG_WARN__DUPLICATE_METHOD_MATCH = YES;
				COPY_PHASE_STRIP = NO;
				DEBUG_INFORMATION_FORMAT = "dwarf-with-dsym";
				ENABLE_NS_ASSERTIONS = NO;
				ENABLE_STRICT_OBJC_MSGSEND = YES;
				ENABLE_USER_SCRIPT_SANDBOXING = YES;
				GCC_C_LANGUAGE_STANDARD = gnu17;
				GCC_NO_COMMON_BLOCKS = YES;
				GCC_WARN_64_TO_32_BIT_CONVERSION = YES;
				GCC_WARN_ABOUT_RETURN_TYPE = YES_ERROR;
				GCC_WARN_UNDECLARED_SELECTOR = YES;
				GCC_WARN_UNINITIALIZED_AUTOS = YES_AGGRESSIVE;
				GCC_WARN_UNUSED_FUNCTION = YES;
				GCC_WARN_UNUSED_VARIABLE = YES;
				IPHONEOS_DEPLOYMENT_TARGET = 17.4;
				LOCALIZATION_PREFERS_STRING_CATALOGS = YES;
				MTL_ENABLE_DEBUG_INFO = NO;
				MTL_FAST_MATH = YES;
				SDKROOT = iphoneos;
				SWIFT_COMPILATION_MODE = wholemodule;
				VALIDATE_PRODUCT = YES;
			};
			name = Release;
		};
		CCFCC66D2BE61B6B0079E08B /* Debug */ = {
			isa = XCBuildConfiguration;
			buildSettings = {
				ASSETCATALOG_COMPILER_APPICON_NAME = AppIcon;
				ASSETCATALOG_COMPILER_GLOBAL_ACCENT_COLOR_NAME = AccentColor;
				CODE_SIGN_STYLE = Automatic;
				CURRENT_PROJECT_VERSION = 1;
				DEVELOPMENT_TEAM = 9PUAYTQL85;
				GENERATE_INFOPLIST_FILE = YES;
				INFOPLIST_FILE = ProtectedGallery/Info.plist;
				INFOPLIST_KEY_UIApplicationSupportsIndirectInputEvents = YES;
				INFOPLIST_KEY_UILaunchStoryboardName = LaunchScreen;
				INFOPLIST_KEY_UIMainStoryboardFile = Main;
				INFOPLIST_KEY_UISupportedInterfaceOrientations_iPad = "UIInterfaceOrientationPortrait UIInterfaceOrientationPortraitUpsideDown UIInterfaceOrientationLandscapeLeft UIInterfaceOrientationLandscapeRight";
				INFOPLIST_KEY_UISupportedInterfaceOrientations_iPhone = "UIInterfaceOrientationPortrait UIInterfaceOrientationLandscapeLeft UIInterfaceOrientationLandscapeRight";
				LD_RUNPATH_SEARCH_PATHS = (
					"$(inherited)",
					"@executable_path/Frameworks",
				);
				MARKETING_VERSION = 1.0;
				PRODUCT_BUNDLE_IDENTIFIER = com.kotrutsa.ProtectedGallery;
				PRODUCT_NAME = "$(TARGET_NAME)";
				SWIFT_EMIT_LOC_STRINGS = YES;
				SWIFT_VERSION = 5.0;
				TARGETED_DEVICE_FAMILY = "1,2";
			};
			name = Debug;
		};
		CCFCC66E2BE61B6B0079E08B /* Release */ = {
			isa = XCBuildConfiguration;
			buildSettings = {
				ASSETCATALOG_COMPILER_APPICON_NAME = AppIcon;
				ASSETCATALOG_COMPILER_GLOBAL_ACCENT_COLOR_NAME = AccentColor;
				CODE_SIGN_STYLE = Automatic;
				CURRENT_PROJECT_VERSION = 1;
				DEVELOPMENT_TEAM = 9PUAYTQL85;
				GENERATE_INFOPLIST_FILE = YES;
				INFOPLIST_FILE = ProtectedGallery/Info.plist;
				INFOPLIST_KEY_UIApplicationSupportsIndirectInputEvents = YES;
				INFOPLIST_KEY_UILaunchStoryboardName = LaunchScreen;
				INFOPLIST_KEY_UIMainStoryboardFile = Main;
				INFOPLIST_KEY_UISupportedInterfaceOrientations_iPad = "UIInterfaceOrientationPortrait UIInterfaceOrientationPortraitUpsideDown UIInterfaceOrientationLandscapeLeft UIInterfaceOrientationLandscapeRight";
				INFOPLIST_KEY_UISupportedInterfaceOrientations_iPhone = "UIInterfaceOrientationPortrait UIInterfaceOrientationLandscapeLeft UIInterfaceOrientationLandscapeRight";
				LD_RUNPATH_SEARCH_PATHS = (
					"$(inherited)",
					"@executable_path/Frameworks",
				);
				MARKETING_VERSION = 1.0;
				PRODUCT_BUNDLE_IDENTIFIER = com.kotrutsa.ProtectedGallery;
				PRODUCT_NAME = "$(TARGET_NAME)";
				SWIFT_EMIT_LOC_STRINGS = YES;
				SWIFT_VERSION = 5.0;
				TARGETED_DEVICE_FAMILY = "1,2";
			};
			name = Release;
		};
/* End XCBuildConfiguration section */

/* Begin XCConfigurationList section */
		CCFCC6532BE61B6A0079E08B /* Build configuration list for PBXProject "ProtectedGallery" */ = {
			isa = XCConfigurationList;
			buildConfigurations = (
				CCFCC66A2BE61B6B0079E08B /* Debug */,
				CCFCC66B2BE61B6B0079E08B /* Release */,
			);
			defaultConfigurationIsVisible = 0;
			defaultConfigurationName = Release;
		};
		CCFCC66C2BE61B6B0079E08B /* Build configuration list for PBXNativeTarget "ProtectedGallery" */ = {
			isa = XCConfigurationList;
			buildConfigurations = (
				CCFCC66D2BE61B6B0079E08B /* Debug */,
				CCFCC66E2BE61B6B0079E08B /* Release */,
			);
			defaultConfigurationIsVisible = 0;
			defaultConfigurationName = Release;
		};
/* End XCConfigurationList section */

/* Begin XCRemoteSwiftPackageReference section */
		CC617BCE2BE761DA0079F4BB /* XCRemoteSwiftPackageReference "lottie-ios" */ = {
			isa = XCRemoteSwiftPackageReference;
			repositoryURL = "https://github.com/airbnb/lottie-ios.git";
			requirement = {
				kind = upToNextMajorVersion;
				minimumVersion = 4.4.3;
			};
		};
/* End XCRemoteSwiftPackageReference section */

/* Begin XCSwiftPackageProductDependency section */
		CC617BCF2BE761DA0079F4BB /* Lottie */ = {
			isa = XCSwiftPackageProductDependency;
			package = CC617BCE2BE761DA0079F4BB /* XCRemoteSwiftPackageReference "lottie-ios" */;
			productName = Lottie;
		};
/* End XCSwiftPackageProductDependency section */
	};
	rootObject = CCFCC6502BE61B6A0079E08B /* Project object */;
}
